
Microsoft Visual Studio Solution File, Format Version 12.00
# Visual Studio Version 16
VisualStudioVersion = 16.0.31911.196
MinimumVisualStudioVersion = 10.0.40219.1
Project("{FAE04EC0-301F-11D3-BF4B-00C04F79EFBC}") = "2019-rest-api", "2019-rest-api\2019-rest-api.csproj", "{B9438E51-6D43-4A3A-9AD7-0AB0315DD098}"
EndProject
Global
	GlobalSection(SolutionConfigurationPlatforms) = preSolution
		Debug|Any CPU = Debug|Any CPU
		Release|Any CPU = Release|Any CPU
	EndGlobalSection
	GlobalSection(ProjectConfigurationPlatforms) = postSolution
		{B9438E51-6D43-4A3A-9AD7-0AB0315DD098}.Debug|Any CPU.ActiveCfg = Debug|Any CPU
		{B9438E51-6D43-4A3A-9AD7-0AB0315DD098}.Debug|Any CPU.Build.0 = Debug|Any CPU
		{B9438E51-6D43-4A3A-9AD7-0AB0315DD098}.Release|Any CPU.ActiveCfg = Release|Any CPU
		{B9438E51-6D43-4A3A-9AD7-0AB0315DD098}.Release|Any CPU.Build.0 = Release|Any CPU
	EndGlobalSection
	GlobalSection(SolutionProperties) = preSolution
		HideSolutionNode = FALSE
	EndGlobalSection
	GlobalSection(ExtensibilityGlobals) = postSolution
		SolutionGuid = {CC9DE35F-9062-4B1B-9098-D367BD009BBF}
	EndGlobalSection
EndGlobal
